<Solution>
  <Configurations>
    <Platform Name="Any CPU" />
    <Platform Name="x86" />
  </Configurations>
  <Folder Name="/Solution Items/">
    <File Path=".editorconfig" />
    <File Path="exclusions.dic" />
    <File Path="global.json" />
    <File Path="LICENSE" />
    <File Path="README.md" />
    <File Path="SECURITY.md" />
    <File Path="version.json" />
  </Folder>
  <Project Path="Toggl.Api.Test/Toggl.Api.Test.csproj" />
  <Project Path="Toggl.Api/Toggl.Api.csproj" />
</Solution>
